
Microsoft Visual Studio Solution File, Format Version 12.00
# Visual Studio Version 17
VisualStudioVersion = 17.5.002.0
MinimumVisualStudioVersion = 10.0.40219.1
Project("{9A19103F-16F7-4668-BE54-9A1E7A4F7556}") = "C#", "C#.csproj", "{60A9183F-E4BA-430E-8070-EFC8FC59A04A}"
EndProject
Global
	GlobalSection(SolutionConfigurationPlatforms) = preSolution
		Debug|Any CPU = Debug|Any CPU
		Release|Any CPU = Release|Any CPU
	EndGlobalSection
	GlobalSection(ProjectConfigurationPlatforms) = postSolution
		{60A9183F-E4BA-430E-8070-EFC8FC59A04A}.Debug|Any CPU.ActiveCfg = Debug|Any CPU
		{60A9183F-E4BA-430E-8070-EFC8FC59A04A}.Debug|Any CPU.Build.0 = Debug|Any CPU
		{60A9183F-E4BA-430E-8070-EFC8FC59A04A}.Release|Any CPU.ActiveCfg = Release|Any CPU
		{60A9183F-E4BA-430E-8070-EFC8FC59A04A}.Release|Any CPU.Build.0 = Release|Any CPU
	EndGlobalSection
	GlobalSection(SolutionProperties) = preSolution
		HideSolutionNode = FALSE
	EndGlobalSection
	GlobalSection(ExtensibilityGlobals) = postSolution
		SolutionGuid = {CA66EC6D-A6FB-476C-9129-304EF8106455}
	EndGlobalSection
EndGlobal
